
Microsoft Visual Studio Solution File, Format Version 12.00
# Visual Studio Version 16
VisualStudioVersion = 16.0.31702.278
MinimumVisualStudioVersion = 10.0.40219.1
Project("{FAE04EC0-301F-11D3-BF4B-00C04F79EFBC}") = "Point2_AnimalHierarchy", "Point2_AnimalHierarchy.csproj", "{808984CC-7E11-45CA-BDF3-88D74320B6F2}"
EndProject
Global
	GlobalSection(SolutionConfigurationPlatforms) = preSolution
		Debug|Any CPU = Debug|Any CPU
		Release|Any CPU = Release|Any CPU
	EndGlobalSection
	GlobalSection(ProjectConfigurationPlatforms) = postSolution
		{808984CC-7E11-45CA-BDF3-88D74320B6F2}.Debug|Any CPU.ActiveCfg = Debug|Any CPU
		{808984CC-7E11-45CA-BDF3-88D74320B6F2}.Debug|Any CPU.Build.0 = Debug|Any CPU
		{808984CC-7E11-45CA-BDF3-88D74320B6F2}.Release|Any CPU.ActiveCfg = Release|Any CPU
		{808984CC-7E11-45CA-BDF3-88D74320B6F2}.Release|Any CPU.Build.0 = Release|Any CPU
	EndGlobalSection
	GlobalSection(SolutionProperties) = preSolution
		HideSolutionNode = FALSE
	EndGlobalSection
	GlobalSection(ExtensibilityGlobals) = postSolution
		SolutionGuid = {D08377C1-DB19-4AA7-AE11-EAD2B9CDFF65}
	EndGlobalSection
EndGlobal
